{
  "name": "pi-caesar",
  "version": "0.1.0",
  "lockfileVersion": 3,
  "requires": true,
  "packages": {
    "": {
      "name": "pi-caesar",
      "version": "0.1.0",
      "dependencies": {
        "cipherts": "^0.1.3"
      }
    },
    "node_modules/cipherts": {
      "version": "0.1.3",
      "resolved": "https://registry.npmjs.org/cipherts/-/cipherts-0.1.3.tgz",
      "integrity": "sha512-yb7134azoHRgHtkqXfom0H3mkfTlQQf5oa0JIQNLZXnXjP7apvQ9B/0EnvvD2SYzaDEzw9gxDYReNEAng94E7g==",
      "license": "MIT"
    }
  }
}
